
Microsoft Visual Studio Solution File, Format Version 12.00
# Visual Studio Express 2012 for Windows Desktop
Project("{F184B08F-C81C-45F6-A57F-5ABD9991F28F}") = "VideoClubUI", "VideoClub1\VideoClubUI.vbproj", "{B292FC2C-2317-4A72-9A4C-DB307FF5A3E7}"
EndProject
Project("{F184B08F-C81C-45F6-A57F-5ABD9991F28F}") = "VideoClubNegocios", "VideoClubNegocios\VideoClubNegocios.vbproj", "{6354ED03-DF41-465A-A1FC-500DB1C63064}"
EndProject
Project("{F184B08F-C81C-45F6-A57F-5ABD9991F28F}") = "VideoClubDatos", "VideoClubDatos\VideoClubDatos.vbproj", "{AAAD5297-3C59-4D96-9210-B0E21BE151FD}"
EndProject
Project("{F184B08F-C81C-45F6-A57F-5ABD9991F28F}") = "VideoClubEntidades", "VideoClubEntidades\VideoClubEntidades.vbproj", "{1D3F9A82-2D81-45CE-94B4-6B26BF47D5A0}"
EndProject
Global
	GlobalSection(SolutionConfigurationPlatforms) = preSolution
		Debug|Any CPU = Debug|Any CPU
		Release|Any CPU = Release|Any CPU
	EndGlobalSection
	GlobalSection(ProjectConfigurationPlatforms) = postSolution
		{B292FC2C-2317-4A72-9A4C-DB307FF5A3E7}.Debug|Any CPU.ActiveCfg = Debug|Any CPU
		{B292FC2C-2317-4A72-9A4C-DB307FF5A3E7}.Debug|Any CPU.Build.0 = Debug|Any CPU
		{B292FC2C-2317-4A72-9A4C-DB307FF5A3E7}.Release|Any CPU.ActiveCfg = Release|Any CPU
		{B292FC2C-2317-4A72-9A4C-DB307FF5A3E7}.Release|Any CPU.Build.0 = Release|Any CPU
		{6354ED03-DF41-465A-A1FC-500DB1C63064}.Debug|Any CPU.ActiveCfg = Debug|Any CPU
		{6354ED03-DF41-465A-A1FC-500DB1C63064}.Debug|Any CPU.Build.0 = Debug|Any CPU
		{6354ED03-DF41-465A-A1FC-500DB1C63064}.Release|Any CPU.ActiveCfg = Release|Any CPU
		{6354ED03-DF41-465A-A1FC-500DB1C63064}.Release|Any CPU.Build.0 = Release|Any CPU
		{AAAD5297-3C59-4D96-9210-B0E21BE151FD}.Debug|Any CPU.ActiveCfg = Debug|Any CPU
		{AAAD5297-3C59-4D96-9210-B0E21BE151FD}.Debug|Any CPU.Build.0 = Debug|Any CPU
		{AAAD5297-3C59-4D96-9210-B0E21BE151FD}.Release|Any CPU.ActiveCfg = Release|Any CPU
		{AAAD5297-3C59-4D96-9210-B0E21BE151FD}.Release|Any CPU.Build.0 = Release|Any CPU
		{1D3F9A82-2D81-45CE-94B4-6B26BF47D5A0}.Debug|Any CPU.ActiveCfg = Debug|Any CPU
		{1D3F9A82-2D81-45CE-94B4-6B26BF47D5A0}.Debug|Any CPU.Build.0 = Debug|Any CPU
		{1D3F9A82-2D81-45CE-94B4-6B26BF47D5A0}.Release|Any CPU.ActiveCfg = Release|Any CPU
		{1D3F9A82-2D81-45CE-94B4-6B26BF47D5A0}.Release|Any CPU.Build.0 = Release|Any CPU
	EndGlobalSection
	GlobalSection(SolutionProperties) = preSolution
		HideSolutionNode = FALSE
	EndGlobalSection
EndGlobal
